// !$*UTF8*$!
{
	archiveVersion = 1;
	classes = {
	};
	objectVersion = 46;
	objects = {

/* Begin PBXBuildFile section */
		8A2AF8BD14B2F65E00AD9089 /* UIKit.framework in Frameworks */ = {isa = PBXBuildFile; fileRef = 8A2AF8BC14B2F65E00AD9089 /* UIKit.framework */; };
		8A2AF8BF14B2F65E00AD9089 /* Foundation.framework in Frameworks */ = {isa = PBXBuildFile; fileRef = 8A2AF8BE14B2F65E00AD9089 /* Foundation.framework */; };
		8A2AF8C114B2F65E00AD9089 /* CoreGraphics.framework in Frameworks */ = {isa = PBXBuildFile; fileRef = 8A2AF8C014B2F65E00AD9089 /* CoreGraphics.framework */; };
		8A2AF8C914B2F65E00AD9089 /* main.m in Sources */ = {isa = PBXBuildFile; fileRef = 8A2AF8C814B2F65E00AD9089 /* main.m */; };
		8A2AF8CD14B2F65E00AD9089 /* VUAppDelegate.m in Sources */ = {isa = PBXBuildFile; fileRef = 8A2AF8CC14B2F65E00AD9089 /* VUAppDelegate.m */; };
		8A2AF8D514B2FCAB00AD9089 /* backdrop-ipad.png in Resources */ = {isa = PBXBuildFile; fileRef = 8A2AF8D414B2FCAB00AD9089 /* backdrop-ipad.png */; };
		8A2AF8D714B2FEB200AD9089 /* Gubblebum BlacknBlocky.ttf in Resources */ = {isa = PBXBuildFile; fileRef = 8A2AF8D614B2FEB200AD9089 /* Gubblebum BlacknBlocky.ttf */; };
		8A2AF9E614B3003600AD9089 /* RootViewController.m in Sources */ = {isa = PBXBuildFile; fileRef = 8A2AF9E514B3003600AD9089 /* RootViewController.m */; };
		8A2AFA2414B3042900AD9089 /* libcocos2d.a in Frameworks */ = {isa = PBXBuildFile; fileRef = 8A2AFA2314B3042900AD9089 /* libcocos2d.a */; };
		8A2AFA2614B3046700AD9089 /* OpenGLES.framework in Frameworks */ = {isa = PBXBuildFile; fileRef = 8A2AFA2514B3046700AD9089 /* OpenGLES.framework */; };
		8A2AFA2814B3047E00AD9089 /* libz.dylib in Frameworks */ = {isa = PBXBuildFile; fileRef = 8A2AFA2714B3047E00AD9089 /* libz.dylib */; };
		8A8D970814B331C500B14762 /* Localizable.strings in Resources */ = {isa = PBXBuildFile; fileRef = 8A8D970614B331C500B14762 /* Localizable.strings */; };
		8A8D970C14B335DB00B14762 /* asteroid-hd.png in Resources */ = {isa = PBXBuildFile; fileRef = 8A8D970A14B335DB00B14762 /* asteroid-hd.png */; };
		8A8D970D14B335DB00B14762 /* asteroid.png in Resources */ = {isa = PBXBuildFile; fileRef = 8A8D970B14B335DB00B14762 /* asteroid.png */; };
		8A8D971A14B354BB00B14762 /* body.png in Resources */ = {isa = PBXBuildFile; fileRef = 8A8D971214B354BB00B14762 /* body.png */; };
		8A8D971B14B354BB00B14762 /* bubble.png in Resources */ = {isa = PBXBuildFile; fileRef = 8A8D971314B354BB00B14762 /* bubble.png */; };
		8A8D971C14B354BB00B14762 /* dude1.png in Resources */ = {isa = PBXBuildFile; fileRef = 8A8D971414B354BB00B14762 /* dude1.png */; };
		8A8D971D14B354BB00B14762 /* dude2.png in Resources */ = {isa = PBXBuildFile; fileRef = 8A8D971514B354BB00B14762 /* dude2.png */; };
		8A8D971E14B354BB00B14762 /* eyes.png in Resources */ = {isa = PBXBuildFile; fileRef = 8A8D971614B354BB00B14762 /* eyes.png */; };
		8A8D971F14B354BB00B14762 /* head.png in Resources */ = {isa = PBXBuildFile; fileRef = 8A8D971714B354BB00B14762 /* head.png */; };
		8A8D972014B354BB00B14762 /* heart.png in Resources */ = {isa = PBXBuildFile; fileRef = 8A8D971814B354BB00B14762 /* heart.png */; };
		8A8D972114B354BB00B14762 /* legs.png in Resources */ = {isa = PBXBuildFile; fileRef = 8A8D971914B354BB00B14762 /* legs.png */; };
		8A8D972414B35B4300B14762 /* GMLPlayer.m in Sources */ = {isa = PBXBuildFile; fileRef = 8A8D972314B35B4200B14762 /* GMLPlayer.m */; };
		8A8D972814B3B40400B14762 /* 443238_Sorry.MP3 in Resources */ = {isa = PBXBuildFile; fileRef = 8A8D972514B3B40400B14762 /* 443238_Sorry.MP3 */; };
		8A8D972914B3B40400B14762 /* meteor.mp3 in Resources */ = {isa = PBXBuildFile; fileRef = 8A8D972614B3B40400B14762 /* meteor.mp3 */; };
		8A8D972A14B3B40400B14762 /* zisch.mp3 in Resources */ = {isa = PBXBuildFile; fileRef = 8A8D972714B3B40400B14762 /* zisch.mp3 */; };
		8A8D972C14B3B4C200B14762 /* libCocosDenshion.a in Frameworks */ = {isa = PBXBuildFile; fileRef = 8A8D972B14B3B4C200B14762 /* libCocosDenshion.a */; };
		8A8D972E14B3B4ED00B14762 /* OpenAL.framework in Frameworks */ = {isa = PBXBuildFile; fileRef = 8A8D972D14B3B4ED00B14762 /* OpenAL.framework */; };
		8A8D973014B3B50600B14762 /* AVFoundation.framework in Frameworks */ = {isa = PBXBuildFile; fileRef = 8A8D972F14B3B50600B14762 /* AVFoundation.framework */; };
		8A8D973214B3B51200B14762 /* AudioToolbox.framework in Frameworks */ = {isa = PBXBuildFile; fileRef = 8A8D973114B3B51200B14762 /* AudioToolbox.framework */; };
		8A8D973A14B3B58E00B14762 /* Cocoa.framework in Frameworks */ = {isa = PBXBuildFile; fileRef = 8A8D973914B3B58E00B14762 /* Cocoa.framework */; };
		8A8D974614B3B58E00B14762 /* main.m in Sources */ = {isa = PBXBuildFile; fileRef = 8A8D974514B3B58E00B14762 /* main.m */; };
		8A8D974D14B3B58E00B14762 /* VUAppDelegate.m in Sources */ = {isa = PBXBuildFile; fileRef = 8A8D974C14B3B58E00B14762 /* VUAppDelegate.m */; };
		8A8D975014B3B58F00B14762 /* MainMenu.xib in Resources */ = {isa = PBXBuildFile; fileRef = 8A8D974E14B3B58F00B14762 /* MainMenu.xib */; };
		8A8D975514B3B6D300B14762 /* GMLGameLayer.m in Sources */ = {isa = PBXBuildFile; fileRef = 8AC85B9214B31BA3006AFE5E /* GMLGameLayer.m */; };
		8A8D975714B3B6D300B14762 /* GMLMenuLayer.m in Sources */ = {isa = PBXBuildFile; fileRef = 8AC85B9614B31BB9006AFE5E /* GMLMenuLayer.m */; };
		8A8D975914B3B6D300B14762 /* GMLPlayer.m in Sources */ = {isa = PBXBuildFile; fileRef = 8A8D972314B35B4200B14762 /* GMLPlayer.m */; };
		8AC85B9314B31BA3006AFE5E /* GMLGameLayer.m in Sources */ = {isa = PBXBuildFile; fileRef = 8AC85B9214B31BA3006AFE5E /* GMLGameLayer.m */; };
		8AC85B9714B31BB9006AFE5E /* GMLMenuLayer.m in Sources */ = {isa = PBXBuildFile; fileRef = 8AC85B9614B31BB9006AFE5E /* GMLMenuLayer.m */; };
		8AC85B9914B32024006AFE5E /* QuartzCore.framework in Frameworks */ = {isa = PBXBuildFile; fileRef = 8AC85B9814B32024006AFE5E /* QuartzCore.framework */; };
		8AC85B9D14B32329006AFE5E /* asteroid-ipad.png in Resources */ = {isa = PBXBuildFile; fileRef = 8AC85B9A14B32329006AFE5E /* asteroid-ipad.png */; };
		8AC85B9E14B32329006AFE5E /* backdrop-hd.png in Resources */ = {isa = PBXBuildFile; fileRef = 8AC85B9B14B32329006AFE5E /* backdrop-hd.png */; };
		8AC85B9F14B32329006AFE5E /* backdrop.png in Resources */ = {isa = PBXBuildFile; fileRef = 8AC85B9C14B32329006AFE5E /* backdrop.png */; };
/* End PBXBuildFile section */

/* Begin PBXFileReference section */
		8A2AF8B814B2F65E00AD9089 /* GoodbyeMyLove.app */ = {isa = PBXFileReference; explicitFileType = wrapper.application; includeInIndex = 0; path = GoodbyeMyLove.app; sourceTree = BUILT_PRODUCTS_DIR; };
		8A2AF8BC14B2F65E00AD9089 /* UIKit.framework */ = {isa = PBXFileReference; lastKnownFileType = wrapper.framework; name = UIKit.framework; path = System/Library/Frameworks/UIKit.framework; sourceTree = SDKROOT; };
		8A2AF8BE14B2F65E00AD9089 /* Foundation.framework */ = {isa = PBXFileReference; lastKnownFileType = wrapper.framework; name = Foundation.framework; path = System/Library/Frameworks/Foundation.framework; sourceTree = SDKROOT; };
		8A2AF8C014B2F65E00AD9089 /* CoreGraphics.framework */ = {isa = PBXFileReference; lastKnownFileType = wrapper.framework; name = CoreGraphics.framework; path = System/Library/Frameworks/CoreGraphics.framework; sourceTree = SDKROOT; };
		8A2AF8C414B2F65E00AD9089 /* GoodbyeMyLove-Info.plist */ = {isa = PBXFileReference; lastKnownFileType = text.plist.xml; path = "GoodbyeMyLove-Info.plist"; sourceTree = "<group>"; };
		8A2AF8C814B2F65E00AD9089 /* main.m */ = {isa = PBXFileReference; lastKnownFileType = sourcecode.c.objc; path = main.m; sourceTree = "<group>"; };
		8A2AF8CA14B2F65E00AD9089 /* GoodbyeMyLove-Prefix.pch */ = {isa = PBXFileReference; lastKnownFileType = sourcecode.c.h; path = "GoodbyeMyLove-Prefix.pch"; sourceTree = "<group>"; };
		8A2AF8CB14B2F65E00AD9089 /* VUAppDelegate.h */ = {isa = PBXFileReference; lastKnownFileType = sourcecode.c.h; path = VUAppDelegate.h; sourceTree = "<group>"; };
		8A2AF8CC14B2F65E00AD9089 /* VUAppDelegate.m */ = {isa = PBXFileReference; lastKnownFileType = sourcecode.c.objc; path = VUAppDelegate.m; sourceTree = "<group>"; };
		8A2AF8D414B2FCAB00AD9089 /* backdrop-ipad.png */ = {isa = PBXFileReference; lastKnownFileType = image.png; name = "backdrop-ipad.png"; path = "Assets/backdrop-ipad.png"; sourceTree = SOURCE_ROOT; };
		8A2AF8D614B2FEB200AD9089 /* Gubblebum BlacknBlocky.ttf */ = {isa = PBXFileReference; lastKnownFileType = file; name = "Gubblebum BlacknBlocky.ttf"; path = "Assets/Gubblebum BlacknBlocky.ttf"; sourceTree = SOURCE_ROOT; };
		8A2AF9E414B3003600AD9089 /* RootViewController.h */ = {isa = PBXFileReference; fileEncoding = 4; lastKnownFileType = sourcecode.c.h; path = RootViewController.h; sourceTree = "<group>"; };
		8A2AF9E514B3003600AD9089 /* RootViewController.m */ = {isa = PBXFileReference; fileEncoding = 4; lastKnownFileType = sourcecode.c.objc; path = RootViewController.m; sourceTree = "<group>"; };
		8A2AFA2314B3042900AD9089 /* libcocos2d.a */ = {isa = PBXFileReference; lastKnownFileType = archive.ar; name = libcocos2d.a; path = "cocos2d/build/Release-iphoneos/libcocos2d.a"; sourceTree = "<group>"; };
		8A2AFA2514B3046700AD9089 /* OpenGLES.framework */ = {isa = PBXFileReference; lastKnownFileType = wrapper.framework; name = OpenGLES.framework; path = System/Library/Frameworks/OpenGLES.framework; sourceTree = SDKROOT; };
		8A2AFA2714B3047E00AD9089 /* libz.dylib */ = {isa = PBXFileReference; lastKnownFileType = "compiled.mach-o.dylib"; name = libz.dylib; path = usr/lib/libz.dylib; sourceTree = SDKROOT; };
		8A8D970714B331C500B14762 /* en */ = {isa = PBXFileReference; lastKnownFileType = text.plist.strings; name = en; path = en.lproj/Localizable.strings; sourceTree = "<group>"; };
		8A8D970A14B335DB00B14762 /* asteroid-hd.png */ = {isa = PBXFileReference; lastKnownFileType = image.png; name = "asteroid-hd.png"; path = "Assets/asteroid-hd.png"; sourceTree = SOURCE_ROOT; };
		8A8D970B14B335DB00B14762 /* asteroid.png */ = {isa = PBXFileReference; lastKnownFileType = image.png; name = asteroid.png; path = Assets/asteroid.png; sourceTree = SOURCE_ROOT; };
		8A8D971214B354BB00B14762 /* body.png */ = {isa = PBXFileReference; lastKnownFileType = image.png; name = body.png; path = Assets/body.png; sourceTree = SOURCE_ROOT; };
		8A8D971314B354BB00B14762 /* bubble.png */ = {isa = PBXFileReference; lastKnownFileType = image.png; name = bubble.png; path = Assets/bubble.png; sourceTree = SOURCE_ROOT; };
		8A8D971414B354BB00B14762 /* dude1.png */ = {isa = PBXFileReference; lastKnownFileType = image.png; name = dude1.png; path = Assets/dude1.png; sourceTree = SOURCE_ROOT; };
		8A8D971514B354BB00B14762 /* dude2.png */ = {isa = PBXFileReference; lastKnownFileType = image.png; name = dude2.png; path = Assets/dude2.png; sourceTree = SOURCE_ROOT; };
		8A8D971614B354BB00B14762 /* eyes.png */ = {isa = PBXFileReference; lastKnownFileType = image.png; name = eyes.png; path = Assets/eyes.png; sourceTree = SOURCE_ROOT; };
		8A8D971714B354BB00B14762 /* head.png */ = {isa = PBXFileReference; lastKnownFileType = image.png; name = head.png; path = Assets/head.png; sourceTree = SOURCE_ROOT; };
		8A8D971814B354BB00B14762 /* heart.png */ = {isa = PBXFileReference; lastKnownFileType = image.png; name = heart.png; path = Assets/heart.png; sourceTree = SOURCE_ROOT; };
		8A8D971914B354BB00B14762 /* legs.png */ = {isa = PBXFileReference; lastKnownFileType = image.png; name = legs.png; path = Assets/legs.png; sourceTree = SOURCE_ROOT; };
		8A8D972214B35B4200B14762 /* GMLPlayer.h */ = {isa = PBXFileReference; fileEncoding = 4; lastKnownFileType = sourcecode.c.h; name = GMLPlayer.h; path = GoodbyeMyLove/GMLPlayer.h; sourceTree = "<group>"; };
		8A8D972314B35B4200B14762 /* GMLPlayer.m */ = {isa = PBXFileReference; fileEncoding = 4; lastKnownFileType = sourcecode.c.objc; name = GMLPlayer.m; path = GoodbyeMyLove/GMLPlayer.m; sourceTree = "<group>"; };
		8A8D972514B3B40400B14762 /* 443238_Sorry.MP3 */ = {isa = PBXFileReference; lastKnownFileType = audio.mp3; name = 443238_Sorry.MP3; path = Assets/443238_Sorry.MP3; sourceTree = SOURCE_ROOT; };
		8A8D972614B3B40400B14762 /* meteor.mp3 */ = {isa = PBXFileReference; lastKnownFileType = audio.mp3; name = meteor.mp3; path = Assets/meteor.mp3; sourceTree = SOURCE_ROOT; };
		8A8D972714B3B40400B14762 /* zisch.mp3 */ = {isa = PBXFileReference; lastKnownFileType = audio.mp3; name = zisch.mp3; path = Assets/zisch.mp3; sourceTree = SOURCE_ROOT; };
		8A8D972B14B3B4C200B14762 /* libCocosDenshion.a */ = {isa = PBXFileReference; lastKnownFileType = file; name = libCocosDenshion.a; path = "cocos2d/build/Release-iphoneos/libCocosDenshion.a"; sourceTree = "<group>"; };
		8A8D972D14B3B4ED00B14762 /* OpenAL.framework */ = {isa = PBXFileReference; lastKnownFileType = wrapper.framework; name = OpenAL.framework; path = System/Library/Frameworks/OpenAL.framework; sourceTree = SDKROOT; };
		8A8D972F14B3B50600B14762 /* AVFoundation.framework */ = {isa = PBXFileReference; lastKnownFileType = wrapper.framework; name = AVFoundation.framework; path = System/Library/Frameworks/AVFoundation.framework; sourceTree = SDKROOT; };
		8A8D973114B3B51200B14762 /* AudioToolbox.framework */ = {isa = PBXFileReference; lastKnownFileType = wrapper.framework; name = AudioToolbox.framework; path = System/Library/Frameworks/AudioToolbox.framework; sourceTree = SDKROOT; };
		8A8D973714B3B58E00B14762 /* GoodbyeMyLove Mac.app */ = {isa = PBXFileReference; explicitFileType = wrapper.application; includeInIndex = 0; path = "GoodbyeMyLove Mac.app"; sourceTree = BUILT_PRODUCTS_DIR; };
		8A8D973914B3B58E00B14762 /* Cocoa.framework */ = {isa = PBXFileReference; lastKnownFileType = wrapper.framework; name = Cocoa.framework; path = Library/Frameworks/Cocoa.framework; sourceTree = DEVELOPER_DIR; };
		8A8D973C14B3B58E00B14762 /* AppKit.framework */ = {isa = PBXFileReference; lastKnownFileType = wrapper.framework; name = AppKit.framework; path = Library/Frameworks/AppKit.framework; sourceTree = SDKROOT; };
		8A8D973D14B3B58E00B14762 /* CoreData.framework */ = {isa = PBXFileReference; lastKnownFileType = wrapper.framework; name = CoreData.framework; path = Library/Frameworks/CoreData.framework; sourceTree = SDKROOT; };
		8A8D973E14B3B58E00B14762 /* Foundation.framework */ = {isa = PBXFileReference; lastKnownFileType = wrapper.framework; name = Foundation.framework; path = Library/Frameworks/Foundation.framework; sourceTree = SDKROOT; };
		8A8D974114B3B58E00B14762 /* GoodbyeMyLove Mac-Info.plist */ = {isa = PBXFileReference; lastKnownFileType = text.plist.xml; path = "GoodbyeMyLove Mac-Info.plist"; sourceTree = "<group>"; };
		8A8D974514B3B58E00B14762 /* main.m */ = {isa = PBXFileReference; lastKnownFileType = sourcecode.c.objc; path = main.m; sourceTree = "<group>"; };
		8A8D974714B3B58E00B14762 /* GoodbyeMyLove Mac-Prefix.pch */ = {isa = PBXFileReference; lastKnownFileType = sourcecode.c.h; path = "GoodbyeMyLove Mac-Prefix.pch"; sourceTree = "<group>"; };
		8A8D974B14B3B58E00B14762 /* VUAppDelegate.h */ = {isa = PBXFileReference; lastKnownFileType = sourcecode.c.h; path = VUAppDelegate.h; sourceTree = "<group>"; };
		8A8D974C14B3B58E00B14762 /* VUAppDelegate.m */ = {isa = PBXFileReference; lastKnownFileType = sourcecode.c.objc; path = VUAppDelegate.m; sourceTree = "<group>"; };
		8A8D974F14B3B58F00B14762 /* en */ = {isa = PBXFileReference; lastKnownFileType = file.xib; name = en; path = en.lproj/MainMenu.xib; sourceTree = "<group>"; };
		8AC85B9114B31BA3006AFE5E /* GMLGameLayer.h */ = {isa = PBXFileReference; fileEncoding = 4; lastKnownFileType = sourcecode.c.h; name = GMLGameLayer.h; path = GoodbyeMyLove/GMLGameLayer.h; sourceTree = "<group>"; };
		8AC85B9214B31BA3006AFE5E /* GMLGameLayer.m */ = {isa = PBXFileReference; fileEncoding = 4; lastKnownFileType = sourcecode.c.objc; name = GMLGameLayer.m; path = GoodbyeMyLove/GMLGameLayer.m; sourceTree = "<group>"; };
		8AC85B9514B31BB9006AFE5E /* GMLMenuLayer.h */ = {isa = PBXFileReference; fileEncoding = 4; lastKnownFileType = sourcecode.c.h; name = GMLMenuLayer.h; path = GoodbyeMyLove/GMLMenuLayer.h; sourceTree = "<group>"; };
		8AC85B9614B31BB9006AFE5E /* GMLMenuLayer.m */ = {isa = PBXFileReference; fileEncoding = 4; lastKnownFileType = sourcecode.c.objc; name = GMLMenuLayer.m; path = GoodbyeMyLove/GMLMenuLayer.m; sourceTree = "<group>"; };
		8AC85B9814B32024006AFE5E /* QuartzCore.framework */ = {isa = PBXFileReference; lastKnownFileType = wrapper.framework; name = QuartzCore.framework; path = System/Library/Frameworks/QuartzCore.framework; sourceTree = SDKROOT; };
		8AC85B9A14B32329006AFE5E /* asteroid-ipad.png */ = {isa = PBXFileReference; lastKnownFileType = image.png; name = "asteroid-ipad.png"; path = "Assets/asteroid-ipad.png"; sourceTree = SOURCE_ROOT; };
		8AC85B9B14B32329006AFE5E /* backdrop-hd.png */ = {isa = PBXFileReference; lastKnownFileType = image.png; name = "backdrop-hd.png"; path = "Assets/backdrop-hd.png"; sourceTree = SOURCE_ROOT; };
		8AC85B9C14B32329006AFE5E /* backdrop.png */ = {isa = PBXFileReference; lastKnownFileType = image.png; name = backdrop.png; path = Assets/backdrop.png; sourceTree = SOURCE_ROOT; };
/* End PBXFileReference section */

/* Begin PBXFrameworksBuildPhase section */
		8A2AF8B514B2F65E00AD9089 /* Frameworks */ = {
			isa = PBXFrameworksBuildPhase;
			buildActionMask = 2147483647;
			files = (
				8A8D973214B3B51200B14762 /* AudioToolbox.framework in Frameworks */,
				8A8D973014B3B50600B14762 /* AVFoundation.framework in Frameworks */,
				8A8D972E14B3B4ED00B14762 /* OpenAL.framework in Frameworks */,
				8A8D972C14B3B4C200B14762 /* libCocosDenshion.a in Frameworks */,
				8AC85B9914B32024006AFE5E /* QuartzCore.framework in Frameworks */,
				8A2AFA2814B3047E00AD9089 /* libz.dylib in Frameworks */,
				8A2AFA2614B3046700AD9089 /* OpenGLES.framework in Frameworks */,
				8A2AFA2414B3042900AD9089 /* libcocos2d.a in Frameworks */,
				8A2AF8BD14B2F65E00AD9089 /* UIKit.framework in Frameworks */,
				8A2AF8BF14B2F65E00AD9089 /* Foundation.framework in Frameworks */,
				8A2AF8C114B2F65E00AD9089 /* CoreGraphics.framework in Frameworks */,
			);
			runOnlyForDeploymentPostprocessing = 0;
		};
		8A8D973414B3B58E00B14762 /* Frameworks */ = {
			isa = PBXFrameworksBuildPhase;
			buildActionMask = 2147483647;
			files = (
				8A8D973A14B3B58E00B14762 /* Cocoa.framework in Frameworks */,
			);
			runOnlyForDeploymentPostprocessing = 0;
		};
/* End PBXFrameworksBuildPhase section */

/* Begin PBXGroup section */
		8A2AF8AD14B2F65D00AD9089 = {
			isa = PBXGroup;
			children = (
				8A8D975E14B3B78800B14762 /* Common Code */,
				8A2AF8C214B2F65E00AD9089 /* GoodbyeMyLove */,
				8A8D973F14B3B58E00B14762 /* GoodbyeMyLove Mac */,
				8A2AF8BB14B2F65E00AD9089 /* Frameworks */,
				8A2AF8B914B2F65E00AD9089 /* Products */,
				8A2AF8D314B2FC6D00AD9089 /* Resources */,
			);
			sourceTree = "<group>";
		};
		8A2AF8B914B2F65E00AD9089 /* Products */ = {
			isa = PBXGroup;
			children = (
				8A2AF8B814B2F65E00AD9089 /* GoodbyeMyLove.app */,
				8A8D973714B3B58E00B14762 /* GoodbyeMyLove Mac.app */,
			);
			name = Products;
			sourceTree = "<group>";
		};
		8A2AF8BB14B2F65E00AD9089 /* Frameworks */ = {
			isa = PBXGroup;
			children = (
				8A2AFA2314B3042900AD9089 /* libcocos2d.a */,
				8A8D972B14B3B4C200B14762 /* libCocosDenshion.a */,
				8A2AFA2714B3047E00AD9089 /* libz.dylib */,
				8A8D973114B3B51200B14762 /* AudioToolbox.framework */,
				8A8D972F14B3B50600B14762 /* AVFoundation.framework */,
				8A2AF8C014B2F65E00AD9089 /* CoreGraphics.framework */,
				8A2AF8BE14B2F65E00AD9089 /* Foundation.framework */,
				8A8D972D14B3B4ED00B14762 /* OpenAL.framework */,
				8A2AFA2514B3046700AD9089 /* OpenGLES.framework */,
				8AC85B9814B32024006AFE5E /* QuartzCore.framework */,
				8A2AF8BC14B2F65E00AD9089 /* UIKit.framework */,
				8A8D973914B3B58E00B14762 /* Cocoa.framework */,
				8A8D973B14B3B58E00B14762 /* Other Frameworks */,
			);
			name = Frameworks;
			sourceTree = "<group>";
		};
		8A2AF8C214B2F65E00AD9089 /* GoodbyeMyLove */ = {
			isa = PBXGroup;
			children = (
				8A2AF9E414B3003600AD9089 /* RootViewController.h */,
				8A2AF9E514B3003600AD9089 /* RootViewController.m */,
				8A2AF8CB14B2F65E00AD9089 /* VUAppDelegate.h */,
				8A2AF8CC14B2F65E00AD9089 /* VUAppDelegate.m */,
				8A2AF8C314B2F65E00AD9089 /* Supporting Files */,
			);
			path = GoodbyeMyLove;
			sourceTree = "<group>";
		};
		8A2AF8C314B2F65E00AD9089 /* Supporting Files */ = {
			isa = PBXGroup;
			children = (
				8A2AF8C414B2F65E00AD9089 /* GoodbyeMyLove-Info.plist */,
				8A2AF8CA14B2F65E00AD9089 /* GoodbyeMyLove-Prefix.pch */,
				8A2AF8C814B2F65E00AD9089 /* main.m */,
			);
			name = "Supporting Files";
			sourceTree = "<group>";
		};
		8A2AF8D314B2FC6D00AD9089 /* Resources */ = {
			isa = PBXGroup;
			children = (
				8A8D972514B3B40400B14762 /* 443238_Sorry.MP3 */,
				8A8D970B14B335DB00B14762 /* asteroid.png */,
				8A8D970A14B335DB00B14762 /* asteroid-hd.png */,
				8AC85B9A14B32329006AFE5E /* asteroid-ipad.png */,
				8AC85B9C14B32329006AFE5E /* backdrop.png */,
				8AC85B9B14B32329006AFE5E /* backdrop-hd.png */,
				8A2AF8D414B2FCAB00AD9089 /* backdrop-ipad.png */,
				8A8D971214B354BB00B14762 /* body.png */,
				8A8D971314B354BB00B14762 /* bubble.png */,
				8A8D971414B354BB00B14762 /* dude1.png */,
				8A8D971514B354BB00B14762 /* dude2.png */,
				8A8D971614B354BB00B14762 /* eyes.png */,
				8A2AF8D614B2FEB200AD9089 /* Gubblebum BlacknBlocky.ttf */,
				8A8D971714B354BB00B14762 /* head.png */,
				8A8D971814B354BB00B14762 /* heart.png */,
				8A8D971914B354BB00B14762 /* legs.png */,
				8A8D970614B331C500B14762 /* Localizable.strings */,
				8A8D972614B3B40400B14762 /* meteor.mp3 */,
				8A8D972714B3B40400B14762 /* zisch.mp3 */,
			);
			name = Resources;
			path = GoodbyeMyLove;
			sourceTree = "<group>";
		};
		8A8D973B14B3B58E00B14762 /* Other Frameworks */ = {
			isa = PBXGroup;
			children = (
				8A8D973C14B3B58E00B14762 /* AppKit.framework */,
				8A8D973D14B3B58E00B14762 /* CoreData.framework */,
				8A8D973E14B3B58E00B14762 /* Foundation.framework */,
			);
			name = "Other Frameworks";
			sourceTree = "<group>";
		};
		8A8D973F14B3B58E00B14762 /* GoodbyeMyLove Mac */ = {
			isa = PBXGroup;
			children = (
				8A8D974E14B3B58F00B14762 /* MainMenu.xib */,
				8A8D974B14B3B58E00B14762 /* VUAppDelegate.h */,
				8A8D974C14B3B58E00B14762 /* VUAppDelegate.m */,
				8A8D974014B3B58E00B14762 /* Supporting Files */,
			);
			path = "GoodbyeMyLove Mac";
			sourceTree = "<group>";
		};
		8A8D974014B3B58E00B14762 /* Supporting Files */ = {
			isa = PBXGroup;
			children = (
				8A8D974114B3B58E00B14762 /* GoodbyeMyLove Mac-Info.plist */,
				8A8D974714B3B58E00B14762 /* GoodbyeMyLove Mac-Prefix.pch */,
				8A8D974514B3B58E00B14762 /* main.m */,
			);
			name = "Supporting Files";
			sourceTree = "<group>";
		};
		8A8D975E14B3B78800B14762 /* Common Code */ = {
			isa = PBXGroup;
			children = (
				8AC85B9114B31BA3006AFE5E /* GMLGameLayer.h */,
				8AC85B9214B31BA3006AFE5E /* GMLGameLayer.m */,
				8AC85B9514B31BB9006AFE5E /* GMLMenuLayer.h */,
				8AC85B9614B31BB9006AFE5E /* GMLMenuLayer.m */,
				8A8D972214B35B4200B14762 /* GMLPlayer.h */,
				8A8D972314B35B4200B14762 /* GMLPlayer.m */,
			);
			name = "Common Code";
			sourceTree = "<group>";
		};
/* End PBXGroup section */

/* Begin PBXNativeTarget section */
		8A2AF8B714B2F65E00AD9089 /* GoodbyeMyLove */ = {
			isa = PBXNativeTarget;
			buildConfigurationList = 8A2AF8D014B2F65E00AD9089 /* Build configuration list for PBXNativeTarget "GoodbyeMyLove" */;
			buildPhases = (
				8A2AF8B414B2F65E00AD9089 /* Sources */,
				8A2AF8B514B2F65E00AD9089 /* Frameworks */,
				8A2AF8B614B2F65E00AD9089 /* Resources */,
			);
			buildRules = (
			);
			dependencies = (
			);
			name = GoodbyeMyLove;
			productName = GoodbyeMyLove;
			productReference = 8A2AF8B814B2F65E00AD9089 /* GoodbyeMyLove.app */;
			productType = "com.apple.product-type.application";
		};
		8A8D973614B3B58E00B14762 /* GoodbyeMyLove Mac */ = {
			isa = PBXNativeTarget;
			buildConfigurationList = 8A8D975114B3B58F00B14762 /* Build configuration list for PBXNativeTarget "GoodbyeMyLove Mac" */;
			buildPhases = (
				8A8D973314B3B58E00B14762 /* Sources */,
				8A8D973414B3B58E00B14762 /* Frameworks */,
				8A8D973514B3B58E00B14762 /* Resources */,
			);
			buildRules = (
			);
			dependencies = (
			);
			name = "GoodbyeMyLove Mac";
			productName = "GoodbyeMyLove Mac";
			productReference = 8A8D973714B3B58E00B14762 /* GoodbyeMyLove Mac.app */;
			productType = "com.apple.product-type.application";
		};
/* End PBXNativeTarget section */

/* Begin PBXProject section */
		8A2AF8AF14B2F65D00AD9089 /* Project object */ = {
			isa = PBXProject;
			attributes = {
				LastUpgradeCheck = 0420;
				ORGANIZATIONNAME = Crocodil.us;
			};
			buildConfigurationList = 8A2AF8B214B2F65D00AD9089 /* Build configuration list for PBXProject "GoodbyeMyLove" */;
			compatibilityVersion = "Xcode 3.2";
			developmentRegion = English;
			hasScannedForEncodings = 0;
			knownRegions = (
				en,
			);
			mainGroup = 8A2AF8AD14B2F65D00AD9089;
			productRefGroup = 8A2AF8B914B2F65E00AD9089 /* Products */;
			projectDirPath = "";
			projectRoot = "";
			targets = (
				8A2AF8B714B2F65E00AD9089 /* GoodbyeMyLove */,
				8A8D973614B3B58E00B14762 /* GoodbyeMyLove Mac */,
			);
		};
/* End PBXProject section */

/* Begin PBXResourcesBuildPhase section */
		8A2AF8B614B2F65E00AD9089 /* Resources */ = {
			isa = PBXResourcesBuildPhase;
			buildActionMask = 2147483647;
			files = (
				8A2AF8D514B2FCAB00AD9089 /* backdrop-ipad.png in Resources */,
				8A2AF8D714B2FEB200AD9089 /* Gubblebum BlacknBlocky.ttf in Resources */,
				8AC85B9D14B32329006AFE5E /* asteroid-ipad.png in Resources */,
				8AC85B9E14B32329006AFE5E /* backdrop-hd.png in Resources */,
				8AC85B9F14B32329006AFE5E /* backdrop.png in Resources */,
				8A8D970814B331C500B14762 /* Localizable.strings in Resources */,
				8A8D970C14B335DB00B14762 /* asteroid-hd.png in Resources */,
				8A8D970D14B335DB00B14762 /* asteroid.png in Resources */,
				8A8D971A14B354BB00B14762 /* body.png in Resources */,
				8A8D971B14B354BB00B14762 /* bubble.png in Resources */,
				8A8D971C14B354BB00B14762 /* dude1.png in Resources */,
				8A8D971D14B354BB00B14762 /* dude2.png in Resources */,
				8A8D971E14B354BB00B14762 /* eyes.png in Resources */,
				8A8D971F14B354BB00B14762 /* head.png in Resources */,
				8A8D972014B354BB00B14762 /* heart.png in Resources */,
				8A8D972114B354BB00B14762 /* legs.png in Resources */,
				8A8D972814B3B40400B14762 /* 443238_Sorry.MP3 in Resources */,
				8A8D972914B3B40400B14762 /* meteor.mp3 in Resources */,
				8A8D972A14B3B40400B14762 /* zisch.mp3 in Resources */,
			);
			runOnlyForDeploymentPostprocessing = 0;
		};
		8A8D973514B3B58E00B14762 /* Resources */ = {
			isa = PBXResourcesBuildPhase;
			buildActionMask = 2147483647;
			files = (
				8A8D975014B3B58F00B14762 /* MainMenu.xib in Resources */,
			);
			runOnlyForDeploymentPostprocessing = 0;
		};
/* End PBXResourcesBuildPhase section */

/* Begin PBXSourcesBuildPhase section */
		8A2AF8B414B2F65E00AD9089 /* Sources */ = {
			isa = PBXSourcesBuildPhase;
			buildActionMask = 2147483647;
			files = (
				8A2AF8C914B2F65E00AD9089 /* main.m in Sources */,
				8A2AF8CD14B2F65E00AD9089 /* VUAppDelegate.m in Sources */,
				8A2AF9E614B3003600AD9089 /* RootViewController.m in Sources */,
				8AC85B9314B31BA3006AFE5E /* GMLGameLayer.m in Sources */,
				8AC85B9714B31BB9006AFE5E /* GMLMenuLayer.m in Sources */,
				8A8D972414B35B4300B14762 /* GMLPlayer.m in Sources */,
			);
			runOnlyForDeploymentPostprocessing = 0;
		};
		8A8D973314B3B58E00B14762 /* Sources */ = {
			isa = PBXSourcesBuildPhase;
			buildActionMask = 2147483647;
			files = (
				8A8D975514B3B6D300B14762 /* GMLGameLayer.m in Sources */,
				8A8D975714B3B6D300B14762 /* GMLMenuLayer.m in Sources */,
				8A8D975914B3B6D300B14762 /* GMLPlayer.m in Sources */,
				8A8D974614B3B58E00B14762 /* main.m in Sources */,
				8A8D974D14B3B58E00B14762 /* VUAppDelegate.m in Sources */,
			);
			runOnlyForDeploymentPostprocessing = 0;
		};
/* End PBXSourcesBuildPhase section */

/* Begin PBXVariantGroup section */
		8A8D970614B331C500B14762 /* Localizable.strings */ = {
			isa = PBXVariantGroup;
			children = (
				8A8D970714B331C500B14762 /* en */,
			);
			name = Localizable.strings;
			sourceTree = "<group>";
		};
		8A8D974E14B3B58F00B14762 /* MainMenu.xib */ = {
			isa = PBXVariantGroup;
			children = (
				8A8D974F14B3B58F00B14762 /* en */,
			);
			name = MainMenu.xib;
			sourceTree = "<group>";
		};
/* End PBXVariantGroup section */

/* Begin XCBuildConfiguration section */
		8A2AF8CE14B2F65E00AD9089 /* Debug */ = {
			isa = XCBuildConfiguration;
			buildSettings = {
				ALWAYS_SEARCH_USER_PATHS = NO;
				ARCHS = "$(ARCHS_STANDARD_32_BIT)";
				CLANG_ENABLE_OBJC_ARC = YES;
				"CODE_SIGN_IDENTITY[sdk=iphoneos*]" = "iPhone Developer";
				COPY_PHASE_STRIP = NO;
				GCC_C_LANGUAGE_STANDARD = gnu99;
				GCC_DYNAMIC_NO_PIC = NO;
				GCC_OPTIMIZATION_LEVEL = 0;
				GCC_PREPROCESSOR_DEFINITIONS = (
					"DEBUG=1",
					"$(inherited)",
				);
				GCC_SYMBOLS_PRIVATE_EXTERN = NO;
				GCC_VERSION = com.apple.compilers.llvm.clang.1_0;
				GCC_WARN_ABOUT_MISSING_PROTOTYPES = YES;
				GCC_WARN_ABOUT_RETURN_TYPE = YES;
				GCC_WARN_UNUSED_VARIABLE = YES;
				HEADER_SEARCH_PATHS = "cocos2d/**";
				IPHONEOS_DEPLOYMENT_TARGET = 5.0;
				SDKROOT = iphoneos;
				TARGETED_DEVICE_FAMILY = "1,2";
			};
			name = Debug;
		};
		8A2AF8CF14B2F65E00AD9089 /* Release */ = {
			isa = XCBuildConfiguration;
			buildSettings = {
				ALWAYS_SEARCH_USER_PATHS = NO;
				ARCHS = "$(ARCHS_STANDARD_32_BIT)";
				CLANG_ENABLE_OBJC_ARC = YES;
				"CODE_SIGN_IDENTITY[sdk=iphoneos*]" = "iPhone Developer";
				COPY_PHASE_STRIP = YES;
				GCC_C_LANGUAGE_STANDARD = gnu99;
				GCC_VERSION = com.apple.compilers.llvm.clang.1_0;
				GCC_WARN_ABOUT_MISSING_PROTOTYPES = YES;
				GCC_WARN_ABOUT_RETURN_TYPE = YES;
				GCC_WARN_UNUSED_VARIABLE = YES;
				HEADER_SEARCH_PATHS = "cocos2d/**";
				IPHONEOS_DEPLOYMENT_TARGET = 5.0;
				OTHER_CFLAGS = "-DNS_BLOCK_ASSERTIONS=1";
				SDKROOT = iphoneos;
				TARGETED_DEVICE_FAMILY = "1,2";
				VALIDATE_PRODUCT = YES;
			};
			name = Release;
		};
		8A2AF8D114B2F65E00AD9089 /* Debug */ = {
			isa = XCBuildConfiguration;
			buildSettings = {
				GCC_PRECOMPILE_PREFIX_HEADER = YES;
				GCC_PREFIX_HEADER = "GoodbyeMyLove/GoodbyeMyLove-Prefix.pch";
				INFOPLIST_FILE = "GoodbyeMyLove/GoodbyeMyLove-Info.plist";
				PRODUCT_NAME = "$(TARGET_NAME)";
				WRAPPER_EXTENSION = app;
			};
			name = Debug;
		};
		8A2AF8D214B2F65E00AD9089 /* Release */ = {
			isa = XCBuildConfiguration;
			buildSettings = {
				GCC_PRECOMPILE_PREFIX_HEADER = YES;
				GCC_PREFIX_HEADER = "GoodbyeMyLove/GoodbyeMyLove-Prefix.pch";
				INFOPLIST_FILE = "GoodbyeMyLove/GoodbyeMyLove-Info.plist";
				PRODUCT_NAME = "$(TARGET_NAME)";
				WRAPPER_EXTENSION = app;
			};
			name = Release;
		};
		8A8D975214B3B58F00B14762 /* Debug */ = {
			isa = XCBuildConfiguration;
			buildSettings = {
				ARCHS = "$(ARCHS_STANDARD_64_BIT)";
				FRAMEWORK_SEARCH_PATHS = (
					"$(inherited)",
					"\"$(DEVELOPER_FRAMEWORKS_DIR)\"",
				);
				GCC_ENABLE_OBJC_EXCEPTIONS = YES;
				GCC_PRECOMPILE_PREFIX_HEADER = YES;
				GCC_PREFIX_HEADER = "GoodbyeMyLove Mac/GoodbyeMyLove Mac-Prefix.pch";
				GCC_WARN_64_TO_32_BIT_CONVERSION = YES;
				INFOPLIST_FILE = "GoodbyeMyLove Mac/GoodbyeMyLove Mac-Info.plist";
				MACOSX_DEPLOYMENT_TARGET = 10.7;
				ONLY_ACTIVE_ARCH = YES;
				PRODUCT_NAME = "$(TARGET_NAME)";
				SDKROOT = macosx;
				WRAPPER_EXTENSION = app;
			};
			name = Debug;
		};
		8A8D975314B3B58F00B14762 /* Release */ = {
			isa = XCBuildConfiguration;
			buildSettings = {
				ARCHS = "$(ARCHS_STANDARD_64_BIT)";
				DEBUG_INFORMATION_FORMAT = "dwarf-with-dsym";
				FRAMEWORK_SEARCH_PATHS = (
					"$(inherited)",
					"\"$(DEVELOPER_FRAMEWORKS_DIR)\"",
				);
				GCC_ENABLE_OBJC_EXCEPTIONS = YES;
				GCC_PRECOMPILE_PREFIX_HEADER = YES;
				GCC_PREFIX_HEADER = "GoodbyeMyLove Mac/GoodbyeMyLove Mac-Prefix.pch";
				GCC_WARN_64_TO_32_BIT_CONVERSION = YES;
				INFOPLIST_FILE = "GoodbyeMyLove Mac/GoodbyeMyLove Mac-Info.plist";
				MACOSX_DEPLOYMENT_TARGET = 10.7;
				PRODUCT_NAME = "$(TARGET_NAME)";
				SDKROOT = macosx;
				WRAPPER_EXTENSION = app;
			};
			name = Release;
		};
/* End XCBuildConfiguration section */

/* Begin XCConfigurationList section */
		8A2AF8B214B2F65D00AD9089 /* Build configuration list for PBXProject "GoodbyeMyLove" */ = {
			isa = XCConfigurationList;
			buildConfigurations = (
				8A2AF8CE14B2F65E00AD9089 /* Debug */,
				8A2AF8CF14B2F65E00AD9089 /* Release */,
			);
			defaultConfigurationIsVisible = 0;
			defaultConfigurationName = Release;
		};
		8A2AF8D014B2F65E00AD9089 /* Build configuration list for PBXNativeTarget "GoodbyeMyLove" */ = {
			isa = XCConfigurationList;
			buildConfigurations = (
				8A2AF8D114B2F65E00AD9089 /* Debug */,
				8A2AF8D214B2F65E00AD9089 /* Release */,
			);
			defaultConfigurationIsVisible = 0;
			defaultConfigurationName = Release;
		};
		8A8D975114B3B58F00B14762 /* Build configuration list for PBXNativeTarget "GoodbyeMyLove Mac" */ = {
			isa = XCConfigurationList;
			buildConfigurations = (
				8A8D975214B3B58F00B14762 /* Debug */,
				8A8D975314B3B58F00B14762 /* Release */,
			);
			defaultConfigurationIsVisible = 0;
		};
/* End XCConfigurationList section */
	};
	rootObject = 8A2AF8AF14B2F65D00AD9089 /* Project object */;
}
